
Microsoft Visual Studio Solution File, Format Version 12.00
# Visual C++ Express 2010
Project("{8BC9CEB8-8B4A-11D0-8D11-00A0C91BC942}") = "SvcMain", "SvcMain\SvcMain.vcxproj", "{4E86BB2D-44A9-4BE9-9D3E-D4CD9AD61CAD}"
EndProject
Project("{8BC9CEB8-8B4A-11D0-8D11-00A0C91BC942}") = "SvcConfig", "SvcConfig\SvcConfig.vcxproj", "{D842D844-41AD-4505-AC65-8C9C259FA743}"
EndProject
Project("{8BC9CEB8-8B4A-11D0-8D11-00A0C91BC942}") = "SvcControl", "SvcControl\SvcControl.vcxproj", "{C9E20E30-FF15-4735-AFEC-E0D2419685E5}"
EndProject
Project("{8BC9CEB8-8B4A-11D0-8D11-00A0C91BC942}") = "SvcInterface", "SvcInterface\SvcInterface.vcxproj", "{9741BE7F-1A09-4877-AFDA-601CB32BA920}"
EndProject
Global
	GlobalSection(SolutionConfigurationPlatforms) = preSolution
		Debug|Win32 = Debug|Win32
		Release|Win32 = Release|Win32
	EndGlobalSection
	GlobalSection(ProjectConfigurationPlatforms) = postSolution
		{4E86BB2D-44A9-4BE9-9D3E-D4CD9AD61CAD}.Debug|Win32.ActiveCfg = Debug|Win32
		{4E86BB2D-44A9-4BE9-9D3E-D4CD9AD61CAD}.Debug|Win32.Build.0 = Debug|Win32
		{4E86BB2D-44A9-4BE9-9D3E-D4CD9AD61CAD}.Release|Win32.ActiveCfg = Release|Win32
		{4E86BB2D-44A9-4BE9-9D3E-D4CD9AD61CAD}.Release|Win32.Build.0 = Release|Win32
		{D842D844-41AD-4505-AC65-8C9C259FA743}.Debug|Win32.ActiveCfg = Debug|Win32
		{D842D844-41AD-4505-AC65-8C9C259FA743}.Debug|Win32.Build.0 = Debug|Win32
		{D842D844-41AD-4505-AC65-8C9C259FA743}.Release|Win32.ActiveCfg = Release|Win32
		{D842D844-41AD-4505-AC65-8C9C259FA743}.Release|Win32.Build.0 = Release|Win32
		{C9E20E30-FF15-4735-AFEC-E0D2419685E5}.Debug|Win32.ActiveCfg = Debug|Win32
		{C9E20E30-FF15-4735-AFEC-E0D2419685E5}.Debug|Win32.Build.0 = Debug|Win32
		{C9E20E30-FF15-4735-AFEC-E0D2419685E5}.Release|Win32.ActiveCfg = Release|Win32
		{C9E20E30-FF15-4735-AFEC-E0D2419685E5}.Release|Win32.Build.0 = Release|Win32
		{9741BE7F-1A09-4877-AFDA-601CB32BA920}.Debug|Win32.ActiveCfg = Debug|Win32
		{9741BE7F-1A09-4877-AFDA-601CB32BA920}.Debug|Win32.Build.0 = Debug|Win32
		{9741BE7F-1A09-4877-AFDA-601CB32BA920}.Release|Win32.ActiveCfg = Release|Win32
		{9741BE7F-1A09-4877-AFDA-601CB32BA920}.Release|Win32.Build.0 = Release|Win32
	EndGlobalSection
	GlobalSection(SolutionProperties) = preSolution
		HideSolutionNode = FALSE
	EndGlobalSection
	GlobalSection(ExtensibilityGlobals) = postSolution
		SolutionGuid = {B7ADC080-6916-4300-9565-C28B520663A1}
	EndGlobalSection
EndGlobal
